<?xml version="1.0" encoding="utf-8"?>
<Project ToolsVersion="4.0" xmlns="http://schemas.microsoft.com/developer/msbuild/2003">
  <ItemGroup>
    <Filter Include="Source Files">
      <UniqueIdentifier>{4FC737F1-C7A5-4376-A066-2A32D752A2FF}</UniqueIdentifier>
      <Extensions>cpp;c;cc;cxx;def;odl;idl;hpj;bat;asm;asmx</Extensions>
    </Filter>
    <Filter Include="Header Files">
      <UniqueIdentifier>{93995380-89BD-4b04-88EB-625FBE52EBFB}</UniqueIdentifier>
      <Extensions>h;hh;hpp;hxx;hm;inl;inc;ipp;xsd</Extensions>
    </Filter>
    <Filter Include="Resource Files">
      <UniqueIdentifier>{67DA6AB6-F800-4c08-8B7A-83BB121AAD01}</UniqueIdentifier>
      <Extensions>rc;ico;cur;bmp;dlg;rc2;rct;bin;rgs;gif;jpg;jpeg;jpe;resx;tiff;tif;png;wav;mfcribbon-ms</Extensions>
    </Filter>
  </ItemGroup>
  <ItemGroup>
    <ClInclude Include="error.h">
      <Filter>Header Files</Filter>
    </ClInclude>
    <ClInclude Include="globals.h">
      <Filter>Header Files</Filter>
    </ClInclude>
    <ClInclude Include="im_col.h">
      <Filter>Header Files</Filter>
    </ClInclude>
    <ClInclude Include="layers.h">
      <Filter>Header Files</Filter>
    </ClInclude>
    <ClInclude Include="lten.h">
      <Filter>Header Files</Filter>
    </ClInclude>
    <ClInclude Include="math_fns.h">
      <Filter>Header Files</Filter>
    </ClInclude>
    <ClInclude Include="md_array.h">
      <Filter>Header Files</Filter>
    </ClInclude>
    <ClInclude Include="md_array_cuda.h">
      <Filter>Header Files</Filter>
    </ClInclude>
    <ClInclude Include="memorypool.h">
      <Filter>Header Files</Filter>
    </ClInclude>
    <ClInclude Include="net.h">
      <Filter>Header Files</Filter>
    </ClInclude>
    <ClInclude Include="optimizer.h">
      <Filter>Header Files</Filter>
    </ClInclude>
    <ClInclude Include="shared_pointer.h">
      <Filter>Header Files</Filter>
    </ClInclude>
    <ClInclude Include="tensor.h">
      <Filter>Header Files</Filter>
    </ClInclude>
    <ClInclude Include="tensorimpl.h">
      <Filter>Header Files</Filter>
    </ClInclude>
    <ClInclude Include="threadpool2.h">
      <Filter>Header Files</Filter>
    </ClInclude>
    <ClInclude Include="utils.h">
      <Filter>Header Files</Filter>
    </ClInclude>
    <ClInclude Include="tensor_fns.h">
      <Filter>Header Files</Filter>
    </ClInclude>
    <ClInclude Include="offset_calc.h">
      <Filter>Header Files</Filter>
    </ClInclude>
  </ItemGroup>
  <ItemGroup>
    <ClCompile Include="backprop.cpp">
      <Filter>Source Files</Filter>
    </ClCompile>
    <ClCompile Include="batchnorm.cpp">
      <Filter>Source Files</Filter>
    </ClCompile>
    <ClCompile Include="conv2d.cpp">
      <Filter>Source Files</Filter>
    </ClCompile>
    <ClCompile Include="dropout.cpp">
      <Filter>Source Files</Filter>
    </ClCompile>
    <ClCompile Include="fully_connected.cpp">
      <Filter>Source Files</Filter>
    </ClCompile>
    <ClCompile Include="globals.cpp">
      <Filter>Source Files</Filter>
    </ClCompile>
    <ClCompile Include="gru.cpp">
      <Filter>Source Files</Filter>
    </ClCompile>
    <ClCompile Include="layers.cpp">
      <Filter>Source Files</Filter>
    </ClCompile>
    <ClCompile Include="math_fns.cpp">
      <Filter>Source Files</Filter>
    </ClCompile>
    <ClCompile Include="optimizer.cpp">
      <Filter>Source Files</Filter>
    </ClCompile>
    <ClCompile Include="pooling.cpp">
      <Filter>Source Files</Filter>
    </ClCompile>
    <ClCompile Include="tensor.cpp">
      <Filter>Source Files</Filter>
    </ClCompile>
    <ClCompile Include="tensorimpl.cpp">
      <Filter>Source Files</Filter>
    </ClCompile>
    <ClCompile Include="threadpool2.cpp">
      <Filter>Source Files</Filter>
    </ClCompile>
    <ClCompile Include="utils.cpp">
      <Filter>Source Files</Filter>
    </ClCompile>
    <ClCompile Include="layernorm.cpp">
      <Filter>Source Files</Filter>
    </ClCompile>
    <ClCompile Include="embedding.cpp">
      <Filter>Source Files</Filter>
    </ClCompile>
  </ItemGroup>
  <ItemGroup>
    <CudaCompile Include="im_col.cu">
      <Filter>Source Files</Filter>
    </CudaCompile>
    <CudaCompile Include="math_fns.cu">
      <Filter>Source Files</Filter>
    </CudaCompile>
    <CudaCompile Include="utils.cu">
      <Filter>Source Files</Filter>
    </CudaCompile>
    <CudaCompile Include="tensor_fns.cu">
      <Filter>Source Files</Filter>
    </CudaCompile>
  </ItemGroup>
</Project>